
Microsoft Visual Studio Solution File, Format Version 12.00
# Visual Studio Version 16
VisualStudioVersion = 16.0.31410.357
MinimumVisualStudioVersion = 10.0.40219.1
Project("{9A19103F-16F7-4668-BE54-9A1E7A4F7556}") = "PruebaTecnicaRafaelOspina.Server", "PruebaTecnicaRafaelOspina\Server\PruebaTecnicaRafaelOspina.Server.csproj", "{48FB5F0F-0CF8-4BA1-9DE4-FD12E0B911EB}"
EndProject
Project("{9A19103F-16F7-4668-BE54-9A1E7A4F7556}") = "PruebaTecnicaRafaelOspina.Client", "PruebaTecnicaRafaelOspina\Client\PruebaTecnicaRafaelOspina.Client.csproj", "{C08D2987-C5C9-4F2A-8854-086A270EA34F}"
EndProject
Project("{9A19103F-16F7-4668-BE54-9A1E7A4F7556}") = "PruebaTecnicaRafaelOspina.Shared", "PruebaTecnicaRafaelOspina\Shared\PruebaTecnicaRafaelOspina.Shared.csproj", "{8FDA69E4-E3CB-40DB-BAE2-1DA9D1704EC2}"
EndProject
Global
	GlobalSection(SolutionConfigurationPlatforms) = preSolution
		Debug|Any CPU = Debug|Any CPU
		Release|Any CPU = Release|Any CPU
	EndGlobalSection
	GlobalSection(ProjectConfigurationPlatforms) = postSolution
		{48FB5F0F-0CF8-4BA1-9DE4-FD12E0B911EB}.Debug|Any CPU.ActiveCfg = Debug|Any CPU
		{48FB5F0F-0CF8-4BA1-9DE4-FD12E0B911EB}.Debug|Any CPU.Build.0 = Debug|Any CPU
		{48FB5F0F-0CF8-4BA1-9DE4-FD12E0B911EB}.Release|Any CPU.ActiveCfg = Release|Any CPU
		{48FB5F0F-0CF8-4BA1-9DE4-FD12E0B911EB}.Release|Any CPU.Build.0 = Release|Any CPU
		{C08D2987-C5C9-4F2A-8854-086A270EA34F}.Debug|Any CPU.ActiveCfg = Debug|Any CPU
		{C08D2987-C5C9-4F2A-8854-086A270EA34F}.Debug|Any CPU.Build.0 = Debug|Any CPU
		{C08D2987-C5C9-4F2A-8854-086A270EA34F}.Release|Any CPU.ActiveCfg = Release|Any CPU
		{C08D2987-C5C9-4F2A-8854-086A270EA34F}.Release|Any CPU.Build.0 = Release|Any CPU
		{8FDA69E4-E3CB-40DB-BAE2-1DA9D1704EC2}.Debug|Any CPU.ActiveCfg = Debug|Any CPU
		{8FDA69E4-E3CB-40DB-BAE2-1DA9D1704EC2}.Debug|Any CPU.Build.0 = Debug|Any CPU
		{8FDA69E4-E3CB-40DB-BAE2-1DA9D1704EC2}.Release|Any CPU.ActiveCfg = Release|Any CPU
		{8FDA69E4-E3CB-40DB-BAE2-1DA9D1704EC2}.Release|Any CPU.Build.0 = Release|Any CPU
	EndGlobalSection
	GlobalSection(SolutionProperties) = preSolution
		HideSolutionNode = FALSE
	EndGlobalSection
	GlobalSection(ExtensibilityGlobals) = postSolution
		SolutionGuid = {66358F3F-E98A-4BE4-923D-ABE096079775}
	EndGlobalSection
EndGlobal
